// !$*UTF8*$!
{
	archiveVersion = 1;
	classes = {
	};
	objectVersion = 46;
	objects = {

/* Begin PBXBuildFile section */
		BA6D5DE01B70024700AFF419 /* ContactDetailsViewController.swift in Sources */ = {isa = PBXBuildFile; fileRef = BA6D5DDF1B70024700AFF419 /* ContactDetailsViewController.swift */; };
		BA6D5DE21B700D8500AFF419 /* contactCell.swift in Sources */ = {isa = PBXBuildFile; fileRef = BA6D5DE11B700D8500AFF419 /* contactCell.swift */; };
		BA6D5DE41B700F3800AFF419 /* contactCell.xib in Resources */ = {isa = PBXBuildFile; fileRef = BA6D5DE31B700F3800AFF419 /* contactCell.xib */; };
		BA6D5DE71B71C5B500AFF419 /* AutoActsTableViewCell.swift in Sources */ = {isa = PBXBuildFile; fileRef = BA6D5DE51B71C5B500AFF419 /* AutoActsTableViewCell.swift */; };
		BA6D5DE81B71C5B500AFF419 /* AutoActsTableViewCell.xib in Resources */ = {isa = PBXBuildFile; fileRef = BA6D5DE61B71C5B500AFF419 /* AutoActsTableViewCell.xib */; };
		BA6D5DEC1B71CD4D00AFF419 /* AddAutoActsViewController.swift in Sources */ = {isa = PBXBuildFile; fileRef = BA6D5DEB1B71CD4D00AFF419 /* AddAutoActsViewController.swift */; };
		BA9A35A21B71FE8400016890 /* ButtonSeqsDatabase.swift in Sources */ = {isa = PBXBuildFile; fileRef = BA9A35A11B71FE8400016890 /* ButtonSeqsDatabase.swift */; };
		BA9A35A71B72C48E00016890 /* UserDatabase.xcdatamodeld in Sources */ = {isa = PBXBuildFile; fileRef = BA9A35A51B72C48E00016890 /* UserDatabase.xcdatamodeld */; };
		BA9A36A91B77130500016890 /* selectedHomeButton.jpg in Resources */ = {isa = PBXBuildFile; fileRef = BA9A36A11B77130500016890 /* selectedHomeButton.jpg */; };
		BA9A36AA1B77130500016890 /* selectedPowerButton.jpg in Resources */ = {isa = PBXBuildFile; fileRef = BA9A36A21B77130500016890 /* selectedPowerButton.jpg */; };
		BA9A36AB1B77130500016890 /* selectedVolDownButton.jpg in Resources */ = {isa = PBXBuildFile; fileRef = BA9A36A31B77130500016890 /* selectedVolDownButton.jpg */; };
		BA9A36AC1B77130500016890 /* selectedVolUpButton.jpg in Resources */ = {isa = PBXBuildFile; fileRef = BA9A36A41B77130500016890 /* selectedVolUpButton.jpg */; };
		BA9A36AD1B77130500016890 /* unselectedHomeButton.jpg in Resources */ = {isa = PBXBuildFile; fileRef = BA9A36A51B77130500016890 /* unselectedHomeButton.jpg */; };
		BA9A36AE1B77130500016890 /* unselectedPowerButton.jpg in Resources */ = {isa = PBXBuildFile; fileRef = BA9A36A61B77130500016890 /* unselectedPowerButton.jpg */; };
		BA9A36AF1B77130500016890 /* unselectedVolDownButton.jpg in Resources */ = {isa = PBXBuildFile; fileRef = BA9A36A71B77130500016890 /* unselectedVolDownButton.jpg */; };
		BA9A36B01B77130500016890 /* unselectedVolUpButton.jpg in Resources */ = {isa = PBXBuildFile; fileRef = BA9A36A81B77130500016890 /* unselectedVolUpButton.jpg */; };
		BAB802C11B6D5BA3003501E9 /* AppDelegate.swift in Sources */ = {isa = PBXBuildFile; fileRef = BAB802C01B6D5BA3003501E9 /* AppDelegate.swift */; };
		BAB802C31B6D5BA3003501E9 /* MasterViewController.swift in Sources */ = {isa = PBXBuildFile; fileRef = BAB802C21B6D5BA3003501E9 /* MasterViewController.swift */; };
		BAB802C51B6D5BA3003501E9 /* DetailViewController.swift in Sources */ = {isa = PBXBuildFile; fileRef = BAB802C41B6D5BA3003501E9 /* DetailViewController.swift */; };
		BAB802C81B6D5BA3003501E9 /* Main.storyboard in Resources */ = {isa = PBXBuildFile; fileRef = BAB802C61B6D5BA3003501E9 /* Main.storyboard */; };
		BAB802CA1B6D5BA3003501E9 /* Images.xcassets in Resources */ = {isa = PBXBuildFile; fileRef = BAB802C91B6D5BA3003501E9 /* Images.xcassets */; };
		BAB802CD1B6D5BA3003501E9 /* LaunchScreen.xib in Resources */ = {isa = PBXBuildFile; fileRef = BAB802CB1B6D5BA3003501E9 /* LaunchScreen.xib */; };
		BAB802D91B6D5BA3003501E9 /* MDTesterTests.swift in Sources */ = {isa = PBXBuildFile; fileRef = BAB802D81B6D5BA3003501E9 /* MDTesterTests.swift */; };
		BAB802E51B6DA8F6003501E9 /* ProfileViewController.swift in Sources */ = {isa = PBXBuildFile; fileRef = BAB802E41B6DA8F6003501E9 /* ProfileViewController.swift */; };
		BAB802E71B6DA90A003501E9 /* AutomatedActionsViewController.swift in Sources */ = {isa = PBXBuildFile; fileRef = BAB802E61B6DA90A003501E9 /* AutomatedActionsViewController.swift */; };
		BAB802E91B6DA928003501E9 /* ButtonSequencesViewController.swift in Sources */ = {isa = PBXBuildFile; fileRef = BAB802E81B6DA928003501E9 /* ButtonSequencesViewController.swift */; };
		BAE4D2361B82BA3900CCFAF4 /* JPSVolumeButtonHandler.m in Sources */ = {isa = PBXBuildFile; fileRef = BAE4D2351B82BA3900CCFAF4 /* JPSVolumeButtonHandler.m */; };
		BAE4D2391B83F5E300CCFAF4 /* HardwareHandler.m in Sources */ = {isa = PBXBuildFile; fileRef = BAE4D2381B83F5E300CCFAF4 /* HardwareHandler.m */; };
/* End PBXBuildFile section */

/* Begin PBXContainerItemProxy section */
		BAB802D31B6D5BA3003501E9 /* PBXContainerItemProxy */ = {
			isa = PBXContainerItemProxy;
			containerPortal = BAB802B31B6D5BA3003501E9 /* Project object */;
			proxyType = 1;
			remoteGlobalIDString = BAB802BA1B6D5BA3003501E9;
			remoteInfo = MDTester;
		};
/* End PBXContainerItemProxy section */

/* Begin PBXFileReference section */
		BA4CB5F01B7BF6F500FC073B /* MDTester-Bridging-Header.h */ = {isa = PBXFileReference; lastKnownFileType = sourcecode.c.h; path = "MDTester-Bridging-Header.h"; sourceTree = "<group>"; };
		BA6D5DDF1B70024700AFF419 /* ContactDetailsViewController.swift */ = {isa = PBXFileReference; fileEncoding = 4; lastKnownFileType = sourcecode.swift; path = ContactDetailsViewController.swift; sourceTree = "<group>"; };
		BA6D5DE11B700D8500AFF419 /* contactCell.swift */ = {isa = PBXFileReference; fileEncoding = 4; lastKnownFileType = sourcecode.swift; name = contactCell.swift; path = ../contactCell.swift; sourceTree = "<group>"; };
		BA6D5DE31B700F3800AFF419 /* contactCell.xib */ = {isa = PBXFileReference; fileEncoding = 4; lastKnownFileType = file.xib; path = contactCell.xib; sourceTree = "<group>"; };
		BA6D5DE51B71C5B500AFF419 /* AutoActsTableViewCell.swift */ = {isa = PBXFileReference; fileEncoding = 4; lastKnownFileType = sourcecode.swift; path = AutoActsTableViewCell.swift; sourceTree = "<group>"; };
		BA6D5DE61B71C5B500AFF419 /* AutoActsTableViewCell.xib */ = {isa = PBXFileReference; fileEncoding = 4; lastKnownFileType = file.xib; path = AutoActsTableViewCell.xib; sourceTree = "<group>"; };
		BA6D5DEB1B71CD4D00AFF419 /* AddAutoActsViewController.swift */ = {isa = PBXFileReference; fileEncoding = 4; lastKnownFileType = sourcecode.swift; path = AddAutoActsViewController.swift; sourceTree = "<group>"; };
		BA9A35A11B71FE8400016890 /* ButtonSeqsDatabase.swift */ = {isa = PBXFileReference; fileEncoding = 4; lastKnownFileType = sourcecode.swift; path = ButtonSeqsDatabase.swift; sourceTree = "<group>"; };
		BA9A35A61B72C48E00016890 /* UserDatabase.xcdatamodel */ = {isa = PBXFileReference; lastKnownFileType = wrapper.xcdatamodel; path = UserDatabase.xcdatamodel; sourceTree = "<group>"; };
		BA9A36A11B77130500016890 /* selectedHomeButton.jpg */ = {isa = PBXFileReference; lastKnownFileType = image.jpeg; name = selectedHomeButton.jpg; path = "../../../Iphone Buttons/selectedHomeButton.jpg"; sourceTree = "<group>"; };
		BA9A36A21B77130500016890 /* selectedPowerButton.jpg */ = {isa = PBXFileReference; lastKnownFileType = image.jpeg; name = selectedPowerButton.jpg; path = "../../../Iphone Buttons/selectedPowerButton.jpg"; sourceTree = "<group>"; };
		BA9A36A31B77130500016890 /* selectedVolDownButton.jpg */ = {isa = PBXFileReference; lastKnownFileType = image.jpeg; name = selectedVolDownButton.jpg; path = "../../../Iphone Buttons/selectedVolDownButton.jpg"; sourceTree = "<group>"; };
		BA9A36A41B77130500016890 /* selectedVolUpButton.jpg */ = {isa = PBXFileReference; lastKnownFileType = image.jpeg; name = selectedVolUpButton.jpg; path = "../../../Iphone Buttons/selectedVolUpButton.jpg"; sourceTree = "<group>"; };
		BA9A36A51B77130500016890 /* unselectedHomeButton.jpg */ = {isa = PBXFileReference; lastKnownFileType = image.jpeg; name = unselectedHomeButton.jpg; path = "../../../Iphone Buttons/unselectedHomeButton.jpg"; sourceTree = "<group>"; };
		BA9A36A61B77130500016890 /* unselectedPowerButton.jpg */ = {isa = PBXFileReference; lastKnownFileType = image.jpeg; name = unselectedPowerButton.jpg; path = "../../../Iphone Buttons/unselectedPowerButton.jpg"; sourceTree = "<group>"; };
		BA9A36A71B77130500016890 /* unselectedVolDownButton.jpg */ = {isa = PBXFileReference; lastKnownFileType = image.jpeg; name = unselectedVolDownButton.jpg; path = "../../../Iphone Buttons/unselectedVolDownButton.jpg"; sourceTree = "<group>"; };
		BA9A36A81B77130500016890 /* unselectedVolUpButton.jpg */ = {isa = PBXFileReference; lastKnownFileType = image.jpeg; name = unselectedVolUpButton.jpg; path = "../../../Iphone Buttons/unselectedVolUpButton.jpg"; sourceTree = "<group>"; };
		BAB802BB1B6D5BA3003501E9 /* MDTester.app */ = {isa = PBXFileReference; explicitFileType = wrapper.application; includeInIndex = 0; path = MDTester.app; sourceTree = BUILT_PRODUCTS_DIR; };
		BAB802BF1B6D5BA3003501E9 /* Info.plist */ = {isa = PBXFileReference; lastKnownFileType = text.plist.xml; path = Info.plist; sourceTree = "<group>"; };
		BAB802C01B6D5BA3003501E9 /* AppDelegate.swift */ = {isa = PBXFileReference; lastKnownFileType = sourcecode.swift; path = AppDelegate.swift; sourceTree = "<group>"; };
		BAB802C21B6D5BA3003501E9 /* MasterViewController.swift */ = {isa = PBXFileReference; lastKnownFileType = sourcecode.swift; path = MasterViewController.swift; sourceTree = "<group>"; };
		BAB802C41B6D5BA3003501E9 /* DetailViewController.swift */ = {isa = PBXFileReference; lastKnownFileType = sourcecode.swift; path = DetailViewController.swift; sourceTree = "<group>"; };
		BAB802C71B6D5BA3003501E9 /* Base */ = {isa = PBXFileReference; lastKnownFileType = file.storyboard; name = Base; path = Base.lproj/Main.storyboard; sourceTree = "<group>"; };
		BAB802C91B6D5BA3003501E9 /* Images.xcassets */ = {isa = PBXFileReference; lastKnownFileType = folder.assetcatalog; path = Images.xcassets; sourceTree = "<group>"; };
		BAB802CC1B6D5BA3003501E9 /* Base */ = {isa = PBXFileReference; lastKnownFileType = file.xib; name = Base; path = Base.lproj/LaunchScreen.xib; sourceTree = "<group>"; };
		BAB802D21B6D5BA3003501E9 /* MDTesterTests.xctest */ = {isa = PBXFileReference; explicitFileType = wrapper.cfbundle; includeInIndex = 0; path = MDTesterTests.xctest; sourceTree = BUILT_PRODUCTS_DIR; };
		BAB802D71B6D5BA3003501E9 /* Info.plist */ = {isa = PBXFileReference; lastKnownFileType = text.plist.xml; path = Info.plist; sourceTree = "<group>"; };
		BAB802D81B6D5BA3003501E9 /* MDTesterTests.swift */ = {isa = PBXFileReference; lastKnownFileType = sourcecode.swift; path = MDTesterTests.swift; sourceTree = "<group>"; };
		BAB802E41B6DA8F6003501E9 /* ProfileViewController.swift */ = {isa = PBXFileReference; fileEncoding = 4; lastKnownFileType = sourcecode.swift; path = ProfileViewController.swift; sourceTree = "<group>"; };
		BAB802E61B6DA90A003501E9 /* AutomatedActionsViewController.swift */ = {isa = PBXFileReference; fileEncoding = 4; lastKnownFileType = sourcecode.swift; path = AutomatedActionsViewController.swift; sourceTree = "<group>"; };
		BAB802E81B6DA928003501E9 /* ButtonSequencesViewController.swift */ = {isa = PBXFileReference; fileEncoding = 4; lastKnownFileType = sourcecode.swift; path = ButtonSequencesViewController.swift; sourceTree = "<group>"; };
		BAE4D2341B82BA3900CCFAF4 /* JPSVolumeButtonHandler.h */ = {isa = PBXFileReference; fileEncoding = 4; lastKnownFileType = sourcecode.c.h; name = JPSVolumeButtonHandler.h; path = "../../../../Downloads/JPSVolumeButtonHandler-master/JPSVolumeButtonHandler/JPSVolumeButtonHandler.h"; sourceTree = "<group>"; };
		BAE4D2351B82BA3900CCFAF4 /* JPSVolumeButtonHandler.m */ = {isa = PBXFileReference; fileEncoding = 4; lastKnownFileType = sourcecode.c.objc; name = JPSVolumeButtonHandler.m; path = "../../../../Downloads/JPSVolumeButtonHandler-master/JPSVolumeButtonHandler/JPSVolumeButtonHandler.m"; sourceTree = "<group>"; };
		BAE4D2371B83F5E300CCFAF4 /* HardwareHandler.h */ = {isa = PBXFileReference; fileEncoding = 4; lastKnownFileType = sourcecode.c.h; path = HardwareHandler.h; sourceTree = "<group>"; };
		BAE4D2381B83F5E300CCFAF4 /* HardwareHandler.m */ = {isa = PBXFileReference; fileEncoding = 4; lastKnownFileType = sourcecode.c.objc; path = HardwareHandler.m; sourceTree = "<group>"; };
/* End PBXFileReference section */

/* Begin PBXFrameworksBuildPhase section */
		BAB802B81B6D5BA3003501E9 /* Frameworks */ = {
			isa = PBXFrameworksBuildPhase;
			buildActionMask = 2147483647;
			files = (
			);
			runOnlyForDeploymentPostprocessing = 0;
		};
		BAB802CF1B6D5BA3003501E9 /* Frameworks */ = {
			isa = PBXFrameworksBuildPhase;
			buildActionMask = 2147483647;
			files = (
			);
			runOnlyForDeploymentPostprocessing = 0;
		};
/* End PBXFrameworksBuildPhase section */

/* Begin PBXGroup section */
		BAB802B21B6D5BA3003501E9 = {
			isa = PBXGroup;
			children = (
				BAB802BD1B6D5BA3003501E9 /* MDTester */,
				BAB802D51B6D5BA3003501E9 /* MDTesterTests */,
				BAB802BC1B6D5BA3003501E9 /* Products */,
				BA4CB5F01B7BF6F500FC073B /* MDTester-Bridging-Header.h */,
			);
			sourceTree = "<group>";
		};
		BAB802BC1B6D5BA3003501E9 /* Products */ = {
			isa = PBXGroup;
			children = (
				BAB802BB1B6D5BA3003501E9 /* MDTester.app */,
				BAB802D21B6D5BA3003501E9 /* MDTesterTests.xctest */,
			);
			name = Products;
			sourceTree = "<group>";
		};
		BAB802BD1B6D5BA3003501E9 /* MDTester */ = {
			isa = PBXGroup;
			children = (
				BA9A35A51B72C48E00016890 /* UserDatabase.xcdatamodeld */,
				BA6D5DE11B700D8500AFF419 /* contactCell.swift */,
				BA6D5DE31B700F3800AFF419 /* contactCell.xib */,
				BA6D5DDF1B70024700AFF419 /* ContactDetailsViewController.swift */,
				BAB802E81B6DA928003501E9 /* ButtonSequencesViewController.swift */,
				BAB802E61B6DA90A003501E9 /* AutomatedActionsViewController.swift */,
				BAB802E41B6DA8F6003501E9 /* ProfileViewController.swift */,
				BAB802C01B6D5BA3003501E9 /* AppDelegate.swift */,
				BAE4D2341B82BA3900CCFAF4 /* JPSVolumeButtonHandler.h */,
				BAE4D2371B83F5E300CCFAF4 /* HardwareHandler.h */,
				BAE4D2381B83F5E300CCFAF4 /* HardwareHandler.m */,
				BAE4D2351B82BA3900CCFAF4 /* JPSVolumeButtonHandler.m */,
				BAB802C21B6D5BA3003501E9 /* MasterViewController.swift */,
				BAB802C41B6D5BA3003501E9 /* DetailViewController.swift */,
				BA6D5DEB1B71CD4D00AFF419 /* AddAutoActsViewController.swift */,
				BA9A35A11B71FE8400016890 /* ButtonSeqsDatabase.swift */,
				BAB802C61B6D5BA3003501E9 /* Main.storyboard */,
				BA6D5DE51B71C5B500AFF419 /* AutoActsTableViewCell.swift */,
				BA6D5DE61B71C5B500AFF419 /* AutoActsTableViewCell.xib */,
				BAB802C91B6D5BA3003501E9 /* Images.xcassets */,
				BAB802CB1B6D5BA3003501E9 /* LaunchScreen.xib */,
				BAB802BE1B6D5BA3003501E9 /* Supporting Files */,
			);
			path = MDTester;
			sourceTree = "<group>";
		};
		BAB802BE1B6D5BA3003501E9 /* Supporting Files */ = {
			isa = PBXGroup;
			children = (
				BA9A36A11B77130500016890 /* selectedHomeButton.jpg */,
				BA9A36A21B77130500016890 /* selectedPowerButton.jpg */,
				BA9A36A31B77130500016890 /* selectedVolDownButton.jpg */,
				BA9A36A41B77130500016890 /* selectedVolUpButton.jpg */,
				BA9A36A51B77130500016890 /* unselectedHomeButton.jpg */,
				BA9A36A61B77130500016890 /* unselectedPowerButton.jpg */,
				BA9A36A71B77130500016890 /* unselectedVolDownButton.jpg */,
				BA9A36A81B77130500016890 /* unselectedVolUpButton.jpg */,
				BAB802BF1B6D5BA3003501E9 /* Info.plist */,
			);
			name = "Supporting Files";
			sourceTree = "<group>";
		};
		BAB802D51B6D5BA3003501E9 /* MDTesterTests */ = {
			isa = PBXGroup;
			children = (
				BAB802D81B6D5BA3003501E9 /* MDTesterTests.swift */,
				BAB802D61B6D5BA3003501E9 /* Supporting Files */,
			);
			path = MDTesterTests;
			sourceTree = "<group>";
		};
		BAB802D61B6D5BA3003501E9 /* Supporting Files */ = {
			isa = PBXGroup;
			children = (
				BAB802D71B6D5BA3003501E9 /* Info.plist */,
			);
			name = "Supporting Files";
			sourceTree = "<group>";
		};
/* End PBXGroup section */

/* Begin PBXNativeTarget section */
		BAB802BA1B6D5BA3003501E9 /* MDTester */ = {
			isa = PBXNativeTarget;
			buildConfigurationList = BAB802DC1B6D5BA3003501E9 /* Build configuration list for PBXNativeTarget "MDTester" */;
			buildPhases = (
				BAB802B71B6D5BA3003501E9 /* Sources */,
				BAB802B81B6D5BA3003501E9 /* Frameworks */,
				BAB802B91B6D5BA3003501E9 /* Resources */,
			);
			buildRules = (
			);
			dependencies = (
			);
			name = MDTester;
			productName = MDTester;
			productReference = BAB802BB1B6D5BA3003501E9 /* MDTester.app */;
			productType = "com.apple.product-type.application";
		};
		BAB802D11B6D5BA3003501E9 /* MDTesterTests */ = {
			isa = PBXNativeTarget;
			buildConfigurationList = BAB802DF1B6D5BA3003501E9 /* Build configuration list for PBXNativeTarget "MDTesterTests" */;
			buildPhases = (
				BAB802CE1B6D5BA3003501E9 /* Sources */,
				BAB802CF1B6D5BA3003501E9 /* Frameworks */,
				BAB802D01B6D5BA3003501E9 /* Resources */,
			);
			buildRules = (
			);
			dependencies = (
				BAB802D41B6D5BA3003501E9 /* PBXTargetDependency */,
			);
			name = MDTesterTests;
			productName = MDTesterTests;
			productReference = BAB802D21B6D5BA3003501E9 /* MDTesterTests.xctest */;
			productType = "com.apple.product-type.bundle.unit-test";
		};
/* End PBXNativeTarget section */

/* Begin PBXProject section */
		BAB802B31B6D5BA3003501E9 /* Project object */ = {
			isa = PBXProject;
			attributes = {
				LastUpgradeCheck = 0640;
				ORGANIZATIONNAME = "Irene Hwang";
				TargetAttributes = {
					BAB802BA1B6D5BA3003501E9 = {
						CreatedOnToolsVersion = 6.4;
					};
					BAB802D11B6D5BA3003501E9 = {
						CreatedOnToolsVersion = 6.4;
						TestTargetID = BAB802BA1B6D5BA3003501E9;
					};
				};
			};
			buildConfigurationList = BAB802B61B6D5BA3003501E9 /* Build configuration list for PBXProject "MDTester" */;
			compatibilityVersion = "Xcode 3.2";
			developmentRegion = English;
			hasScannedForEncodings = 0;
			knownRegions = (
				en,
				Base,
			);
			mainGroup = BAB802B21B6D5BA3003501E9;
			productRefGroup = BAB802BC1B6D5BA3003501E9 /* Products */;
			projectDirPath = "";
			projectRoot = "";
			targets = (
				BAB802BA1B6D5BA3003501E9 /* MDTester */,
				BAB802D11B6D5BA3003501E9 /* MDTesterTests */,
			);
		};
/* End PBXProject section */

/* Begin PBXResourcesBuildPhase section */
		BAB802B91B6D5BA3003501E9 /* Resources */ = {
			isa = PBXResourcesBuildPhase;
			buildActionMask = 2147483647;
			files = (
				BA9A36AE1B77130500016890 /* unselectedPowerButton.jpg in Resources */,
				BA9A36AD1B77130500016890 /* unselectedHomeButton.jpg in Resources */,
				BA6D5DE41B700F3800AFF419 /* contactCell.xib in Resources */,
				BA9A36A91B77130500016890 /* selectedHomeButton.jpg in Resources */,
				BA9A36AC1B77130500016890 /* selectedVolUpButton.jpg in Resources */,
				BAB802C81B6D5BA3003501E9 /* Main.storyboard in Resources */,
				BA9A36B01B77130500016890 /* unselectedVolUpButton.jpg in Resources */,
				BA9A36AA1B77130500016890 /* selectedPowerButton.jpg in Resources */,
				BA9A36AF1B77130500016890 /* unselectedVolDownButton.jpg in Resources */,
				BA6D5DE81B71C5B500AFF419 /* AutoActsTableViewCell.xib in Resources */,
				BAB802CD1B6D5BA3003501E9 /* LaunchScreen.xib in Resources */,
				BA9A36AB1B77130500016890 /* selectedVolDownButton.jpg in Resources */,
				BAB802CA1B6D5BA3003501E9 /* Images.xcassets in Resources */,
			);
			runOnlyForDeploymentPostprocessing = 0;
		};
		BAB802D01B6D5BA3003501E9 /* Resources */ = {
			isa = PBXResourcesBuildPhase;
			buildActionMask = 2147483647;
			files = (
			);
			runOnlyForDeploymentPostprocessing = 0;
		};
/* End PBXResourcesBuildPhase section */

/* Begin PBXSourcesBuildPhase section */
		BAB802B71B6D5BA3003501E9 /* Sources */ = {
			isa = PBXSourcesBuildPhase;
			buildActionMask = 2147483647;
			files = (
				BAB802C51B6D5BA3003501E9 /* DetailViewController.swift in Sources */,
				BAB802C31B6D5BA3003501E9 /* MasterViewController.swift in Sources */,
				BAB802E51B6DA8F6003501E9 /* ProfileViewController.swift in Sources */,
				BAB802C11B6D5BA3003501E9 /* AppDelegate.swift in Sources */,
				BAE4D2361B82BA3900CCFAF4 /* JPSVolumeButtonHandler.m in Sources */,
				BAB802E71B6DA90A003501E9 /* AutomatedActionsViewController.swift in Sources */,
				BAB802E91B6DA928003501E9 /* ButtonSequencesViewController.swift in Sources */,
				BA9A35A21B71FE8400016890 /* ButtonSeqsDatabase.swift in Sources */,
				BAE4D2391B83F5E300CCFAF4 /* HardwareHandler.m in Sources */,
				BA6D5DEC1B71CD4D00AFF419 /* AddAutoActsViewController.swift in Sources */,
				BA6D5DE01B70024700AFF419 /* ContactDetailsViewController.swift in Sources */,
				BA9A35A71B72C48E00016890 /* UserDatabase.xcdatamodeld in Sources */,
				BA6D5DE71B71C5B500AFF419 /* AutoActsTableViewCell.swift in Sources */,
				BA6D5DE21B700D8500AFF419 /* contactCell.swift in Sources */,
			);
			runOnlyForDeploymentPostprocessing = 0;
		};
		BAB802CE1B6D5BA3003501E9 /* Sources */ = {
			isa = PBXSourcesBuildPhase;
			buildActionMask = 2147483647;
			files = (
				BAB802D91B6D5BA3003501E9 /* MDTesterTests.swift in Sources */,
			);
			runOnlyForDeploymentPostprocessing = 0;
		};
/* End PBXSourcesBuildPhase section */

/* Begin PBXTargetDependency section */
		BAB802D41B6D5BA3003501E9 /* PBXTargetDependency */ = {
			isa = PBXTargetDependency;
			target = BAB802BA1B6D5BA3003501E9 /* MDTester */;
			targetProxy = BAB802D31B6D5BA3003501E9 /* PBXContainerItemProxy */;
		};
/* End PBXTargetDependency section */

/* Begin PBXVariantGroup section */
		BAB802C61B6D5BA3003501E9 /* Main.storyboard */ = {
			isa = PBXVariantGroup;
			children = (
				BAB802C71B6D5BA3003501E9 /* Base */,
			);
			name = Main.storyboard;
			sourceTree = "<group>";
		};
		BAB802CB1B6D5BA3003501E9 /* LaunchScreen.xib */ = {
			isa = PBXVariantGroup;
			children = (
				BAB802CC1B6D5BA3003501E9 /* Base */,
			);
			name = LaunchScreen.xib;
			sourceTree = "<group>";
		};
/* End PBXVariantGroup section */

/* Begin XCBuildConfiguration section */
		BAB802DA1B6D5BA3003501E9 /* Debug */ = {
			isa = XCBuildConfiguration;
			buildSettings = {
				ALWAYS_SEARCH_USER_PATHS = NO;
				CLANG_CXX_LANGUAGE_STANDARD = "gnu++0x";
				CLANG_CXX_LIBRARY = "libc++";
				CLANG_ENABLE_MODULES = YES;
				CLANG_ENABLE_OBJC_ARC = YES;
				CLANG_WARN_BOOL_CONVERSION = YES;
				CLANG_WARN_CONSTANT_CONVERSION = YES;
				CLANG_WARN_DIRECT_OBJC_ISA_USAGE = YES_ERROR;
				CLANG_WARN_EMPTY_BODY = YES;
				CLANG_WARN_ENUM_CONVERSION = YES;
				CLANG_WARN_INT_CONVERSION = YES;
				CLANG_WARN_OBJC_ROOT_CLASS = YES_ERROR;
				CLANG_WARN_UNREACHABLE_CODE = YES;
				CLANG_WARN__DUPLICATE_METHOD_MATCH = YES;
				"CODE_SIGN_IDENTITY[sdk=iphoneos*]" = "iPhone Developer";
				COPY_PHASE_STRIP = NO;
				DEBUG_INFORMATION_FORMAT = "dwarf-with-dsym";
				ENABLE_STRICT_OBJC_MSGSEND = YES;
				GCC_C_LANGUAGE_STANDARD = gnu99;
				GCC_DYNAMIC_NO_PIC = NO;
				GCC_NO_COMMON_BLOCKS = YES;
				GCC_OPTIMIZATION_LEVEL = 0;
				GCC_PREPROCESSOR_DEFINITIONS = (
					"DEBUG=1",
					"$(inherited)",
				);
				GCC_SYMBOLS_PRIVATE_EXTERN = NO;
				GCC_WARN_64_TO_32_BIT_CONVERSION = YES;
				GCC_WARN_ABOUT_RETURN_TYPE = YES_ERROR;
				GCC_WARN_UNDECLARED_SELECTOR = YES;
				GCC_WARN_UNINITIALIZED_AUTOS = YES_AGGRESSIVE;
				GCC_WARN_UNUSED_FUNCTION = YES;
				GCC_WARN_UNUSED_VARIABLE = YES;
				IPHONEOS_DEPLOYMENT_TARGET = 8.4;
				MTL_ENABLE_DEBUG_INFO = YES;
				ONLY_ACTIVE_ARCH = YES;
				SDKROOT = iphoneos;
				SWIFT_OPTIMIZATION_LEVEL = "-Onone";
				TARGETED_DEVICE_FAMILY = "1,2";
			};
			name = Debug;
		};
		BAB802DB1B6D5BA3003501E9 /* Release */ = {
			isa = XCBuildConfiguration;
			buildSettings = {
				ALWAYS_SEARCH_USER_PATHS = NO;
				CLANG_CXX_LANGUAGE_STANDARD = "gnu++0x";
				CLANG_CXX_LIBRARY = "libc++";
				CLANG_ENABLE_MODULES = YES;
				CLANG_ENABLE_OBJC_ARC = YES;
				CLANG_WARN_BOOL_CONVERSION = YES;
				CLANG_WARN_CONSTANT_CONVERSION = YES;
				CLANG_WARN_DIRECT_OBJC_ISA_USAGE = YES_ERROR;
				CLANG_WARN_EMPTY_BODY = YES;
				CLANG_WARN_ENUM_CONVERSION = YES;
				CLANG_WARN_INT_CONVERSION = YES;
				CLANG_WARN_OBJC_ROOT_CLASS = YES_ERROR;
				CLANG_WARN_UNREACHABLE_CODE = YES;
				CLANG_WARN__DUPLICATE_METHOD_MATCH = YES;
				"CODE_SIGN_IDENTITY[sdk=iphoneos*]" = "iPhone Developer";
				COPY_PHASE_STRIP = NO;
				DEBUG_INFORMATION_FORMAT = "dwarf-with-dsym";
				ENABLE_NS_ASSERTIONS = NO;
				ENABLE_STRICT_OBJC_MSGSEND = YES;
				GCC_C_LANGUAGE_STANDARD = gnu99;
				GCC_NO_COMMON_BLOCKS = YES;
				GCC_WARN_64_TO_32_BIT_CONVERSION = YES;
				GCC_WARN_ABOUT_RETURN_TYPE = YES_ERROR;
				GCC_WARN_UNDECLARED_SELECTOR = YES;
				GCC_WARN_UNINITIALIZED_AUTOS = YES_AGGRESSIVE;
				GCC_WARN_UNUSED_FUNCTION = YES;
				GCC_WARN_UNUSED_VARIABLE = YES;
				IPHONEOS_DEPLOYMENT_TARGET = 8.4;
				MTL_ENABLE_DEBUG_INFO = NO;
				SDKROOT = iphoneos;
				TARGETED_DEVICE_FAMILY = "1,2";
				VALIDATE_PRODUCT = YES;
			};
			name = Release;
		};
		BAB802DD1B6D5BA3003501E9 /* Debug */ = {
			isa = XCBuildConfiguration;
			buildSettings = {
				ASSETCATALOG_COMPILER_APPICON_NAME = AppIcon;
				CLANG_ENABLE_MODULES = YES;
				INFOPLIST_FILE = MDTester/Info.plist;
				LD_RUNPATH_SEARCH_PATHS = "$(inherited) @executable_path/Frameworks";
				PRODUCT_NAME = "$(TARGET_NAME)";
				SWIFT_OBJC_BRIDGING_HEADER = "MDTester-Bridging-Header.h";
				SWIFT_OPTIMIZATION_LEVEL = "-Onone";
			};
			name = Debug;
		};
		BAB802DE1B6D5BA3003501E9 /* Release */ = {
			isa = XCBuildConfiguration;
			buildSettings = {
				ASSETCATALOG_COMPILER_APPICON_NAME = AppIcon;
				CLANG_ENABLE_MODULES = YES;
				INFOPLIST_FILE = MDTester/Info.plist;
				LD_RUNPATH_SEARCH_PATHS = "$(inherited) @executable_path/Frameworks";
				PRODUCT_NAME = "$(TARGET_NAME)";
				SWIFT_OBJC_BRIDGING_HEADER = "MDTester-Bridging-Header.h";
			};
			name = Release;
		};
		BAB802E01B6D5BA3003501E9 /* Debug */ = {
			isa = XCBuildConfiguration;
			buildSettings = {
				BUNDLE_LOADER = "$(TEST_HOST)";
				FRAMEWORK_SEARCH_PATHS = (
					"$(SDKROOT)/Developer/Library/Frameworks",
					"$(inherited)",
				);
				GCC_PREPROCESSOR_DEFINITIONS = (
					"DEBUG=1",
					"$(inherited)",
				);
				INFOPLIST_FILE = MDTesterTests/Info.plist;
				LD_RUNPATH_SEARCH_PATHS = "$(inherited) @executable_path/Frameworks @loader_path/Frameworks";
				PRODUCT_NAME = "$(TARGET_NAME)";
				TEST_HOST = "$(BUILT_PRODUCTS_DIR)/MDTester.app/MDTester";
			};
			name = Debug;
		};
		BAB802E11B6D5BA3003501E9 /* Release */ = {
			isa = XCBuildConfiguration;
			buildSettings = {
				BUNDLE_LOADER = "$(TEST_HOST)";
				FRAMEWORK_SEARCH_PATHS = (
					"$(SDKROOT)/Developer/Library/Frameworks",
					"$(inherited)",
				);
				INFOPLIST_FILE = MDTesterTests/Info.plist;
				LD_RUNPATH_SEARCH_PATHS = "$(inherited) @executable_path/Frameworks @loader_path/Frameworks";
				PRODUCT_NAME = "$(TARGET_NAME)";
				TEST_HOST = "$(BUILT_PRODUCTS_DIR)/MDTester.app/MDTester";
			};
			name = Release;
		};
/* End XCBuildConfiguration section */

/* Begin XCConfigurationList section */
		BAB802B61B6D5BA3003501E9 /* Build configuration list for PBXProject "MDTester" */ = {
			isa = XCConfigurationList;
			buildConfigurations = (
				BAB802DA1B6D5BA3003501E9 /* Debug */,
				BAB802DB1B6D5BA3003501E9 /* Release */,
			);
			defaultConfigurationIsVisible = 0;
			defaultConfigurationName = Release;
		};
		BAB802DC1B6D5BA3003501E9 /* Build configuration list for PBXNativeTarget "MDTester" */ = {
			isa = XCConfigurationList;
			buildConfigurations = (
				BAB802DD1B6D5BA3003501E9 /* Debug */,
				BAB802DE1B6D5BA3003501E9 /* Release */,
			);
			defaultConfigurationIsVisible = 0;
			defaultConfigurationName = Release;
		};
		BAB802DF1B6D5BA3003501E9 /* Build configuration list for PBXNativeTarget "MDTesterTests" */ = {
			isa = XCConfigurationList;
			buildConfigurations = (
				BAB802E01B6D5BA3003501E9 /* Debug */,
				BAB802E11B6D5BA3003501E9 /* Release */,
			);
			defaultConfigurationIsVisible = 0;
			defaultConfigurationName = Release;
		};
/* End XCConfigurationList section */

/* Begin XCVersionGroup section */
		BA9A35A51B72C48E00016890 /* UserDatabase.xcdatamodeld */ = {
			isa = XCVersionGroup;
			children = (
				BA9A35A61B72C48E00016890 /* UserDatabase.xcdatamodel */,
			);
			currentVersion = BA9A35A61B72C48E00016890 /* UserDatabase.xcdatamodel */;
			name = UserDatabase.xcdatamodeld;
			path = ../UserDatabase.xcdatamodeld;
			sourceTree = "<group>";
			versionGroupType = wrapper.xcdatamodel;
		};
/* End XCVersionGroup section */
	};
	rootObject = BAB802B31B6D5BA3003501E9 /* Project object */;
}
